
Microsoft Visual Studio Solution File, Format Version 12.00
# Visual Studio Version 17
VisualStudioVersion = 17.5.002.0
MinimumVisualStudioVersion = 10.0.40219.1
Project("{9A19103F-16F7-4668-BE54-9A1E7A4F7556}") = "project", "project.csproj", "{4AA423AE-6DDB-4B59-B1A4-A77C865DC5E4}"
EndProject
Global
	GlobalSection(SolutionConfigurationPlatforms) = preSolution
		Debug|Any CPU = Debug|Any CPU
		Release|Any CPU = Release|Any CPU
	EndGlobalSection
	GlobalSection(ProjectConfigurationPlatforms) = postSolution
		{4AA423AE-6DDB-4B59-B1A4-A77C865DC5E4}.Debug|Any CPU.ActiveCfg = Debug|Any CPU
		{4AA423AE-6DDB-4B59-B1A4-A77C865DC5E4}.Debug|Any CPU.Build.0 = Debug|Any CPU
		{4AA423AE-6DDB-4B59-B1A4-A77C865DC5E4}.Release|Any CPU.ActiveCfg = Release|Any CPU
		{4AA423AE-6DDB-4B59-B1A4-A77C865DC5E4}.Release|Any CPU.Build.0 = Release|Any CPU
	EndGlobalSection
	GlobalSection(SolutionProperties) = preSolution
		HideSolutionNode = FALSE
	EndGlobalSection
	GlobalSection(ExtensibilityGlobals) = postSolution
		SolutionGuid = {E8780CC1-C192-4720-85FD-7AB2387BC311}
	EndGlobalSection
EndGlobal
